
Microsoft Visual Studio Solution File, Format Version 12.00
# Visual Studio Version 17
VisualStudioVersion = 17.6.33829.357
MinimumVisualStudioVersion = 10.0.40219.1
Project("{FAE04EC0-301F-11D3-BF4B-00C04F79EFBC}") = "BilgeShop.Data", "BilgeShop.Data\BilgeShop.Data.csproj", "{12C17630-5CD5-4FBF-A70E-88C0EC204B43}"
EndProject
Project("{FAE04EC0-301F-11D3-BF4B-00C04F79EFBC}") = "BilgeShop.Business", "BilgeShop.Business\BilgeShop.Business.csproj", "{7C9DE05A-9F1F-4391-AEE1-7D7D22899E6F}"
EndProject
Project("{FAE04EC0-301F-11D3-BF4B-00C04F79EFBC}") = "BilgeShop.WebUI", "BilgeShop.WebUI\BilgeShop.WebUI.csproj", "{CF8275CB-C871-4712-B3F2-F5527916B49A}"
EndProject
Global
	GlobalSection(SolutionConfigurationPlatforms) = preSolution
		Debug|Any CPU = Debug|Any CPU
		Release|Any CPU = Release|Any CPU
	EndGlobalSection
	GlobalSection(ProjectConfigurationPlatforms) = postSolution
		{12C17630-5CD5-4FBF-A70E-88C0EC204B43}.Debug|Any CPU.ActiveCfg = Debug|Any CPU
		{12C17630-5CD5-4FBF-A70E-88C0EC204B43}.Debug|Any CPU.Build.0 = Debug|Any CPU
		{12C17630-5CD5-4FBF-A70E-88C0EC204B43}.Release|Any CPU.ActiveCfg = Release|Any CPU
		{12C17630-5CD5-4FBF-A70E-88C0EC204B43}.Release|Any CPU.Build.0 = Release|Any CPU
		{7C9DE05A-9F1F-4391-AEE1-7D7D22899E6F}.Debug|Any CPU.ActiveCfg = Debug|Any CPU
		{7C9DE05A-9F1F-4391-AEE1-7D7D22899E6F}.Debug|Any CPU.Build.0 = Debug|Any CPU
		{7C9DE05A-9F1F-4391-AEE1-7D7D22899E6F}.Release|Any CPU.ActiveCfg = Release|Any CPU
		{7C9DE05A-9F1F-4391-AEE1-7D7D22899E6F}.Release|Any CPU.Build.0 = Release|Any CPU
		{CF8275CB-C871-4712-B3F2-F5527916B49A}.Debug|Any CPU.ActiveCfg = Debug|Any CPU
		{CF8275CB-C871-4712-B3F2-F5527916B49A}.Debug|Any CPU.Build.0 = Debug|Any CPU
		{CF8275CB-C871-4712-B3F2-F5527916B49A}.Release|Any CPU.ActiveCfg = Release|Any CPU
		{CF8275CB-C871-4712-B3F2-F5527916B49A}.Release|Any CPU.Build.0 = Release|Any CPU
	EndGlobalSection
	GlobalSection(SolutionProperties) = preSolution
		HideSolutionNode = FALSE
	EndGlobalSection
	GlobalSection(ExtensibilityGlobals) = postSolution
		SolutionGuid = {0C4ECD11-5B29-4218-9D4E-A19A57F31594}
	EndGlobalSection
EndGlobal
